github.com/lib/pq v1.10.9 h1:YXG7RB+JIjhP29X+OtkiDnYaXQwpS4JEWq7dtCCRUEw=
github.com/lib/pq v1.10.9/go.mod h1:AlVN5x4E4T544tWzH6hKfbfQvm3HdbOxrmggDNAPY9o=
github.com/mattn/go-sqlite3 v1.14.22 h1:2gZY6PC6kBnID23Tichd1K+Z0oS6nE/XwU+Vz/5o4kU=
github.com/mattn/go-sqlite3 v1.14.22/go.mod h1:Uh1q+B4BYcTPb+yiD3kU8Ct7aC0hY9fxUwlHK0RXw+Y=
github.com/rs/xid v1.5.0 h1:mKX4bl4iPYJtEIxp6CYiUuLQ/8DYMoz0PUdtGgMFRVc=
github.com/rs/xid v1.5.0/go.mod h1:trrq9SKmegXys3aeAKXMUTdJsYXVwGY3RLcfgqegfbg=
github.com/uvalib/easystore/uvaeasystore v0.0.0-20240226203305-6ca7f7ae0456 h1:AM7LmY5NEHW5Cy85E/DUH40YyojXcTOOlB8wyPnjWrM=
github.com/uvalib/easystore/uvaeasystore v0.0.0-20240226203305-6ca7f7ae0456/go.mod h1:hyU5YmCyEUXNEXcuIRS7oQ24P9gmAjo5Dfh0ECMROS0=
github.com/uvalib/easystore/uvaeasystore v0.0.0-20240228143014-cb9c5a5d6bab h1:eByF57R0Dl1+QCizQCbfdtf0hymr6UxkHC7aXugLBPM=
github.com/uvalib/easystore/uvaeasystore v0.0.0-20240228143014-cb9c5a5d6bab/go.mod h1:7Zad684EWyW+70mm+hycTQ5qHBAibmOT7HAgECIrG2E=
github.com/uvalib/easystore/uvaeasystore v0.0.0-20240229150447-7c63476a23e2 h1:BE1+YcjRSpb6BaT2qhHauhnvKZUt7ASjqvq7naFzs6s=
github.com/uvalib/easystore/uvaeasystore v0.0.0-20240229150447-7c63476a23e2/go.mod h1:7Zad684EWyW+70mm+hycTQ5qHBAibmOT7HAgECIrG2E=
golang.org/x/exp v0.0.0-20240222234643-814bf88cf225 h1:LfspQV/FYTatPTr/3HzIcmiUFH7PGP+OQ6mgDYo3yuQ=
golang.org/x/exp v0.0.0-20240222234643-814bf88cf225/go.mod h1:CxmFvTBINI24O/j8iY7H1xHzx2i4OsyguNBmN/uPtqc=
