github.com/mattn/go-sqlite3 v1.14.22 h1:2gZY6PC6kBnID23Tichd1K+Z0oS6nE/XwU+Vz/5o4kU=
github.com/mattn/go-sqlite3 v1.14.22/go.mod h1:Uh1q+B4BYcTPb+yiD3kU8Ct7aC0hY9fxUwlHK0RXw+Y=
github.com/uvalib/easystore/uvaeasystore v0.0.0-20240219190906-68c90bfc9203 h1:fxrYmhuiehlOpjOwZnBXnrtf+V8Dg+YlFr0KU0i3kMo=
github.com/uvalib/easystore/uvaeasystore v0.0.0-20240219190906-68c90bfc9203/go.mod h1:IWeqAmpXeiGbQSnXY2UCDZYjshdEYJxVEpcwJF7Vp9A=
github.com/uvalib/easystore/uvaeasystore v0.0.0-20240219230342-466874be5783 h1:0uxhwFQr9/24rth7PmD62VbiuUdRyHJzR9jNc7a/wgA=
github.com/uvalib/easystore/uvaeasystore v0.0.0-20240219230342-466874be5783/go.mod h1:IWeqAmpXeiGbQSnXY2UCDZYjshdEYJxVEpcwJF7Vp9A=
github.com/uvalib/easystore/uvaeasystore v0.0.0-20240220151145-ab01959e79a4 h1:RvuzzixMxE7oG26FZ92ONTenWsMx184kowZPvsRX9ao=
github.com/uvalib/easystore/uvaeasystore v0.0.0-20240220151145-ab01959e79a4/go.mod h1:IWeqAmpXeiGbQSnXY2UCDZYjshdEYJxVEpcwJF7Vp9A=
github.com/uvalib/easystore/uvaeasystore v0.0.0-20240220193258-65bde4ea9244 h1:Pzeo7dxcGTewec4Tmj/1iTp8hzzaYXGLX7G4n2cn/+Q=
github.com/uvalib/easystore/uvaeasystore v0.0.0-20240220193258-65bde4ea9244/go.mod h1:IWeqAmpXeiGbQSnXY2UCDZYjshdEYJxVEpcwJF7Vp9A=
github.com/uvalib/easystore/uvaeasystore v0.0.0-20240220195606-0c55e7f36589 h1:h6pkg6l3u75kXSWCRR2y/YvKTzNKBuqp1/KDbBrqUqQ=
github.com/uvalib/easystore/uvaeasystore v0.0.0-20240220195606-0c55e7f36589/go.mod h1:IWeqAmpXeiGbQSnXY2UCDZYjshdEYJxVEpcwJF7Vp9A=
github.com/uvalib/easystore/uvaeasystore v0.0.0-20240220202614-2a232136a51a h1:1mNVZIqfpbVALklkJZMVeZkgbC685YATYSwJ66UnLH0=
github.com/uvalib/easystore/uvaeasystore v0.0.0-20240220202614-2a232136a51a/go.mod h1:IWeqAmpXeiGbQSnXY2UCDZYjshdEYJxVEpcwJF7Vp9A=
golang.org/x/exp v0.0.0-20240213143201-ec583247a57a h1:HinSgX1tJRX3KsL//Gxynpw5CTOAIPhgL4W8PNiIpVE=
golang.org/x/exp v0.0.0-20240213143201-ec583247a57a/go.mod h1:CxmFvTBINI24O/j8iY7H1xHzx2i4OsyguNBmN/uPtqc=
